PODS:
  - Firebase (2.5.1)
  - ionicons (2.0.3)
  - SCLAlertView (0.5.3)
  - SwiftLoader (0.2.5)
  - SwiftValidator (3.0.1)
  - YouTubePlayer (0.3.0)

DEPENDENCIES:
  - Firebase (~> 2.5)
  - ionicons
  - SCLAlertView
  - SwiftLoader
  - SwiftValidator (= 3.0.1)
  - YouTubePlayer

SPEC CHECKSUMS:
  Firebase: 3565ea88b830f28f2c77ecc524622bc71a20d085
  ionicons: ec1e86e6c3316bd9942a7f024080dd75c70dd6a5
  SCLAlertView: dcd89117943cd804208645e0702a913397e5b352
  SwiftLoader: 12d7a6f661f5e9a2c9a72003e7dd6162f4ff0cc4
  SwiftValidator: c59223144754045d7691febdc3b3ecc2e73b609c
  YouTubePlayer: 88713a96c356f2c88da8925eb61438eda88bcd57

COCOAPODS: 0.39.0
